
Microsoft Visual Studio Solution File, Format Version 12.00
# Visual Studio 2013
VisualStudioVersion = 12.0.21005.1
MinimumVisualStudioVersion = 10.0.40219.1
Project("{FAE04EC0-301F-11D3-BF4B-00C04F79EFBC}") = "EFD_REINF", "EFD_REINF\EFD_REINF.csproj", "{E5BF45BA-D757-4AA5-8AB6-A2ECC48F1986}"
EndProject
Global
	GlobalSection(SolutionConfigurationPlatforms) = preSolution
		Debug|Any CPU = Debug|Any CPU
		Release|Any CPU = Release|Any CPU
	EndGlobalSection
	GlobalSection(ProjectConfigurationPlatforms) = postSolution
		{E5BF45BA-D757-4AA5-8AB6-A2ECC48F1986}.Debug|Any CPU.ActiveCfg = Debug|Any CPU
		{E5BF45BA-D757-4AA5-8AB6-A2ECC48F1986}.Debug|Any CPU.Build.0 = Debug|Any CPU
		{E5BF45BA-D757-4AA5-8AB6-A2ECC48F1986}.Release|Any CPU.ActiveCfg = Release|Any CPU
		{E5BF45BA-D757-4AA5-8AB6-A2ECC48F1986}.Release|Any CPU.Build.0 = Release|Any CPU
	EndGlobalSection
	GlobalSection(SolutionProperties) = preSolution
		HideSolutionNode = FALSE
	EndGlobalSection
EndGlobal
